
Microsoft Visual Studio Solution File, Format Version 12.00
# Visual Studio Version 16
VisualStudioVersion = 16.0.31229.75
MinimumVisualStudioVersion = 10.0.40219.1
Project("{8BC9CEB8-8B4A-11D0-8D11-00A0C91BC942}") = "attractor", "Project2\Project2.vcxproj", "{B8E778AF-6A36-459F-BBE3-31CD585D2D7D}"
EndProject
Global
	GlobalSection(SolutionConfigurationPlatforms) = preSolution
		Debug|x64 = Debug|x64
		Debug|x86 = Debug|x86
		Release|x64 = Release|x64
		Release|x86 = Release|x86
	EndGlobalSection
	GlobalSection(ProjectConfigurationPlatforms) = postSolution
		{B8E778AF-6A36-459F-BBE3-31CD585D2D7D}.Debug|x64.ActiveCfg = Debug|x64
		{B8E778AF-6A36-459F-BBE3-31CD585D2D7D}.Debug|x64.Build.0 = Debug|x64
		{B8E778AF-6A36-459F-BBE3-31CD585D2D7D}.Debug|x86.ActiveCfg = Debug|Win32
		{B8E778AF-6A36-459F-BBE3-31CD585D2D7D}.Debug|x86.Build.0 = Debug|Win32
		{B8E778AF-6A36-459F-BBE3-31CD585D2D7D}.Release|x64.ActiveCfg = Release|x64
		{B8E778AF-6A36-459F-BBE3-31CD585D2D7D}.Release|x64.Build.0 = Release|x64
		{B8E778AF-6A36-459F-BBE3-31CD585D2D7D}.Release|x86.ActiveCfg = Release|Win32
		{B8E778AF-6A36-459F-BBE3-31CD585D2D7D}.Release|x86.Build.0 = Release|Win32
	EndGlobalSection
	GlobalSection(SolutionProperties) = preSolution
		HideSolutionNode = FALSE
	EndGlobalSection
	GlobalSection(ExtensibilityGlobals) = postSolution
		SolutionGuid = {BB44BC20-92A2-4742-80B7-C6CD17C174E9}
	EndGlobalSection
EndGlobal
